schema: '2.0'
stages:
  get_data:
    cmd: python scripts/data.py
    deps:
    - path: scripts/data.py
      hash: md5
      md5: bf447ac793e57cd6c93df6c4f433f404
      size: 1011
    params:
      params.yaml:
        index_col: building_id
    outs:
    - path: data/initial_data.csv
      hash: md5
      md5: 24644c4ab13508e0fc1851502b4165f3
      size: 2781343
  fit_model:
    cmd: python scripts/fit.py
    deps:
    - path: data/initial_data.csv
      hash: md5
      md5: 24644c4ab13508e0fc1851502b4165f3
      size: 2781343
    - path: scripts/fit.py
      hash: md5
      md5: ced4d2a9ee2f2254bcca75d8dd448736
      size: 1943
    params:
      params.yaml:
        index_col: building_id
        one_hot_drop: if_binary
        remainder: drop
        target_col: target
    outs:
    - path: models/fitted_model.pkl
      hash: md5
      md5: 83316bc743b8fd232605afca614da44b
      size: 5150
  evaluate_model:
    cmd: python scripts/evaluate.py
    deps:
    - path: models/fitted_model.pkl
      hash: md5
      md5: 83316bc743b8fd232605afca614da44b
      size: 5150
    - path: scripts/evaluate.py
      hash: md5
      md5: 88f5cf54edde2bfd07a326db163d6a8e
      size: 909
    params:
      params.yaml:
        index_col: building_id
        metrics:
        - max_error
        - r2
        - neg_mean_absolute_percentage_error
        n_jobs: -1
        n_splits: 5
        target_col: target
    outs:
    - path: cv_results/cv_res.json
      hash: md5
      md5: 6b489fabe339c41b50e4a53015a948cb
      size: 203
