schema: '2.0'
stages:
  get_data:
    cmd: python scripts/data.py
    deps:
    - path: scripts/data.py
      hash: md5
      md5: bf447ac793e57cd6c93df6c4f433f404
      size: 1011
    params:
      params.yaml:
        index_col: building_id
    outs:
    - path: data/initial_data.csv
      hash: md5
      md5: 24644c4ab13508e0fc1851502b4165f3
      size: 2781343
      cloud:
        my_storage:
          etag: 24644c4ab13508e0fc1851502b4165f3
          version_id: 000623D520276188
  fit_model:
    cmd: python scripts/fit.py
    deps:
    - path: data/initial_data.csv
      hash: md5
      md5: 24644c4ab13508e0fc1851502b4165f3
      size: 2781343
    - path: scripts/fit.py
      hash: md5
      md5: a3e58aa91d38773783d0afdd8f458a1d
      size: 1899
    params:
      params.yaml:
        index_col: building_id
        one_hot_drop: if_binary
        remainder: drop
        target_col: target
    outs:
    - path: models/fitted_model.pkl
      hash: md5
      md5: 83316bc743b8fd232605afca614da44b
      size: 5150
      cloud:
        my_storage:
          etag: 83316bc743b8fd232605afca614da44b
          version_id: 000623D520261F62
  evaluate_model:
    cmd: python scripts/evaluate.py
    deps:
    - path: models/fitted_model.pkl
      hash: md5
      md5: 83316bc743b8fd232605afca614da44b
      size: 5150
    - path: scripts/evaluate.py
      hash: md5
      md5: 15ead507c3dec824b67e184b9b5f0fb2
      size: 819
    params:
      params.yaml:
        index_col: building_id
        metrics:
        - max_error
        - r2
        - neg_mean_absolute_percentage_error
        n_jobs: -1
        n_splits: 5
        target_col: target
    outs:
    - path: cv_results/cv_res.json
      hash: md5
      md5: 9a036ac088973a6b76279e0b5e5a50e4
      size: 202
